
Microsoft Visual Studio Solution File, Format Version 12.00
# Visual Studio Version 17
VisualStudioVersion = 17.3.32929.385
MinimumVisualStudioVersion = 10.0.40219.1
Project("{9A19103F-16F7-4668-BE54-9A1E7A4F7556}") = "ToolsApp.Core", "ToolsApp.Core\ToolsApp.Core.csproj", "{4A4B842A-87E2-43B9-B2FA-EAD9E55D6C48}"
EndProject
Project("{9A19103F-16F7-4668-BE54-9A1E7A4F7556}") = "ToolsApp.Models", "ToolsApp.Models\ToolsApp.Models.csproj", "{B1F8BC72-78AA-4D94-907A-83F5CACECB2D}"
EndProject
Project("{9A19103F-16F7-4668-BE54-9A1E7A4F7556}") = "ToolsApp.Data", "ToolsApp.Data\ToolsApp.Data.csproj", "{C89FE88D-27F3-4BA6-8B9F-E119334F560B}"
EndProject
Project("{9A19103F-16F7-4668-BE54-9A1E7A4F7556}") = "ToolsApp.Components", "ToolsApp.Components\ToolsApp.Components.csproj", "{7382A77D-D855-42C9-9909-2AAA7E9DED30}"
EndProject
Project("{9A19103F-16F7-4668-BE54-9A1E7A4F7556}") = "ToolsApp.Web", "ToolsApp.Web\ToolsApp.Web.csproj", "{99BDC99E-E441-4BBC-8775-D1DB17157423}"
EndProject
Global
	GlobalSection(SolutionConfigurationPlatforms) = preSolution
		Debug|Any CPU = Debug|Any CPU
		Release|Any CPU = Release|Any CPU
	EndGlobalSection
	GlobalSection(ProjectConfigurationPlatforms) = postSolution
		{4A4B842A-87E2-43B9-B2FA-EAD9E55D6C48}.Debug|Any CPU.ActiveCfg = Debug|Any CPU
		{4A4B842A-87E2-43B9-B2FA-EAD9E55D6C48}.Debug|Any CPU.Build.0 = Debug|Any CPU
		{4A4B842A-87E2-43B9-B2FA-EAD9E55D6C48}.Release|Any CPU.ActiveCfg = Release|Any CPU
		{4A4B842A-87E2-43B9-B2FA-EAD9E55D6C48}.Release|Any CPU.Build.0 = Release|Any CPU
		{B1F8BC72-78AA-4D94-907A-83F5CACECB2D}.Debug|Any CPU.ActiveCfg = Debug|Any CPU
		{B1F8BC72-78AA-4D94-907A-83F5CACECB2D}.Debug|Any CPU.Build.0 = Debug|Any CPU
		{B1F8BC72-78AA-4D94-907A-83F5CACECB2D}.Release|Any CPU.ActiveCfg = Release|Any CPU
		{B1F8BC72-78AA-4D94-907A-83F5CACECB2D}.Release|Any CPU.Build.0 = Release|Any CPU
		{C89FE88D-27F3-4BA6-8B9F-E119334F560B}.Debug|Any CPU.ActiveCfg = Debug|Any CPU
		{C89FE88D-27F3-4BA6-8B9F-E119334F560B}.Debug|Any CPU.Build.0 = Debug|Any CPU
		{C89FE88D-27F3-4BA6-8B9F-E119334F560B}.Release|Any CPU.ActiveCfg = Release|Any CPU
		{C89FE88D-27F3-4BA6-8B9F-E119334F560B}.Release|Any CPU.Build.0 = Release|Any CPU
		{7382A77D-D855-42C9-9909-2AAA7E9DED30}.Debug|Any CPU.ActiveCfg = Debug|Any CPU
		{7382A77D-D855-42C9-9909-2AAA7E9DED30}.Debug|Any CPU.Build.0 = Debug|Any CPU
		{7382A77D-D855-42C9-9909-2AAA7E9DED30}.Release|Any CPU.ActiveCfg = Release|Any CPU
		{7382A77D-D855-42C9-9909-2AAA7E9DED30}.Release|Any CPU.Build.0 = Release|Any CPU
		{99BDC99E-E441-4BBC-8775-D1DB17157423}.Debug|Any CPU.ActiveCfg = Debug|Any CPU
		{99BDC99E-E441-4BBC-8775-D1DB17157423}.Debug|Any CPU.Build.0 = Debug|Any CPU
		{99BDC99E-E441-4BBC-8775-D1DB17157423}.Release|Any CPU.ActiveCfg = Release|Any CPU
		{99BDC99E-E441-4BBC-8775-D1DB17157423}.Release|Any CPU.Build.0 = Release|Any CPU
	EndGlobalSection
	GlobalSection(SolutionProperties) = preSolution
		HideSolutionNode = FALSE
	EndGlobalSection
	GlobalSection(ExtensibilityGlobals) = postSolution
		SolutionGuid = {063DE674-DE0E-44EA-B680-331395B82BCF}
	EndGlobalSection
EndGlobal
